
Microsoft Visual Studio Solution File, Format Version 12.00
# Visual Studio Version 16
VisualStudioVersion = 16.0.30611.23
MinimumVisualStudioVersion = 10.0.40219.1
Project("{9A19103F-16F7-4668-BE54-9A1E7A4F7556}") = "20090534.BookStore", "20090534.BookStore\20090534.BookStore.csproj", "{D860AFB8-5736-401C-937E-3E045DB57C23}"
EndProject
Global
	GlobalSection(SolutionConfigurationPlatforms) = preSolution
		Debug|Any CPU = Debug|Any CPU
		Release|Any CPU = Release|Any CPU
	EndGlobalSection
	GlobalSection(ProjectConfigurationPlatforms) = postSolution
		{D860AFB8-5736-401C-937E-3E045DB57C23}.Debug|Any CPU.ActiveCfg = Debug|Any CPU
		{D860AFB8-5736-401C-937E-3E045DB57C23}.Debug|Any CPU.Build.0 = Debug|Any CPU
		{D860AFB8-5736-401C-937E-3E045DB57C23}.Release|Any CPU.ActiveCfg = Release|Any CPU
		{D860AFB8-5736-401C-937E-3E045DB57C23}.Release|Any CPU.Build.0 = Release|Any CPU
	EndGlobalSection
	GlobalSection(SolutionProperties) = preSolution
		HideSolutionNode = FALSE
	EndGlobalSection
	GlobalSection(ExtensibilityGlobals) = postSolution
		SolutionGuid = {625EFDE0-1178-4610-81A4-F4F935B9F360}
	EndGlobalSection
EndGlobal
